
Microsoft Visual Studio Solution File, Format Version 12.00
Project("{FAE04EC0-301F-11D3-BF4B-00C04F79EFBC}") = "Pierre.Darcas.FeatureMatching", "src\Pierre.Darcas.FeatureMatching\Pierre.Darcas.FeatureMatching.csproj", "{2E02FDD6-96F4-4D2C-A069-52B0D1B5AB78}"
EndProject
Project("{FAE04EC0-301F-11D3-BF4B-00C04F79EFBC}") = "Pierre.Darcas.FeatureMatching.Tests", "tests\Pierre.Darcas.FeatureMatching.Tests\Pierre.Darcas.FeatureMatching.Tests.csproj", "{B32D6782-3125-4372-BE62-8C0293C1E2C3}"
EndProject
Project("{FAE04EC0-301F-11D3-BF4B-00C04F79EFBC}") = "Pierre.Darcas.FeatureMatching.Console", "src\Pierre.Darcas.FeatureMatching.Console\Pierre.Darcas.FeatureMatching.Console.csproj", "{C7FEA9C9-2051-4E18-ACF4-64F366E2073F}"
EndProject
Project("{FAE04EC0-301F-11D3-BF4B-00C04F79EFBC}") = "Pierre.Darcas.FeatureMatching.WebApi", "Pierre.Darcas.FeatureMatching.WebApi\Pierre.Darcas.FeatureMatching.WebApi.csproj", "{2B50859E-CE24-4232-A14C-FA4BBBF69BA7}"
EndProject
Global
	GlobalSection(SolutionConfigurationPlatforms) = preSolution
		Debug|Any CPU = Debug|Any CPU
		Release|Any CPU = Release|Any CPU
	EndGlobalSection
	GlobalSection(ProjectConfigurationPlatforms) = postSolution
		{2E02FDD6-96F4-4D2C-A069-52B0D1B5AB78}.Debug|Any CPU.ActiveCfg = Debug|Any CPU
		{2E02FDD6-96F4-4D2C-A069-52B0D1B5AB78}.Debug|Any CPU.Build.0 = Debug|Any CPU
		{2E02FDD6-96F4-4D2C-A069-52B0D1B5AB78}.Release|Any CPU.ActiveCfg = Release|Any CPU
		{2E02FDD6-96F4-4D2C-A069-52B0D1B5AB78}.Release|Any CPU.Build.0 = Release|Any CPU
		{B32D6782-3125-4372-BE62-8C0293C1E2C3}.Debug|Any CPU.ActiveCfg = Debug|Any CPU
		{B32D6782-3125-4372-BE62-8C0293C1E2C3}.Debug|Any CPU.Build.0 = Debug|Any CPU
		{B32D6782-3125-4372-BE62-8C0293C1E2C3}.Release|Any CPU.ActiveCfg = Release|Any CPU
		{B32D6782-3125-4372-BE62-8C0293C1E2C3}.Release|Any CPU.Build.0 = Release|Any CPU
		{C7FEA9C9-2051-4E18-ACF4-64F366E2073F}.Debug|Any CPU.ActiveCfg = Debug|Any CPU
		{C7FEA9C9-2051-4E18-ACF4-64F366E2073F}.Debug|Any CPU.Build.0 = Debug|Any CPU
		{C7FEA9C9-2051-4E18-ACF4-64F366E2073F}.Release|Any CPU.ActiveCfg = Release|Any CPU
		{C7FEA9C9-2051-4E18-ACF4-64F366E2073F}.Release|Any CPU.Build.0 = Release|Any CPU
		{2B50859E-CE24-4232-A14C-FA4BBBF69BA7}.Debug|Any CPU.ActiveCfg = Debug|Any CPU
		{2B50859E-CE24-4232-A14C-FA4BBBF69BA7}.Debug|Any CPU.Build.0 = Debug|Any CPU
		{2B50859E-CE24-4232-A14C-FA4BBBF69BA7}.Release|Any CPU.ActiveCfg = Release|Any CPU
		{2B50859E-CE24-4232-A14C-FA4BBBF69BA7}.Release|Any CPU.Build.0 = Release|Any CPU
	EndGlobalSection
EndGlobal
